
Microsoft Visual Studio Solution File, Format Version 12.00
# Visual Studio Version 17
VisualStudioVersion = 17.14.36408.4
MinimumVisualStudioVersion = 10.0.40219.1
Project("{2150E333-8FDC-42A3-9474-1A3956D46DE8}") = "1.Capa_Datos", "1.Capa_Datos", "{02EA681E-C7D8-13C7-8484-4AC65E1B71E8}"
EndProject
Project("{2150E333-8FDC-42A3-9474-1A3956D46DE8}") = "2.Capa_Logica", "2.Capa_Logica", "{78CD5D1B-93E6-47D9-B0BA-18582FDCD425}"
EndProject
Project("{2150E333-8FDC-42A3-9474-1A3956D46DE8}") = "3.Capa_Presentacion", "3.Capa_Presentacion", "{5E7BF79C-3841-4272-8183-B4A31BAB6D6C}"
EndProject
Project("{2150E333-8FDC-42A3-9474-1A3956D46DE8}") = "4.Capa_Entidades", "4.Capa_Entidades", "{29C7E476-34E7-45D7-989F-E8EAB0DBA7BE}"
EndProject
Project("{FAE04EC0-301F-11D3-BF4B-00C04F79EFBC}") = "FDCH.Datos", "FDCH.Datos\FDCH.Datos.csproj", "{B54B6C73-CBCA-4E22-9FA0-FD0B0CB76992}"
EndProject
Project("{FAE04EC0-301F-11D3-BF4B-00C04F79EFBC}") = "FDCH.Logica", "FDCH.Logica\FDCH.Logica.csproj", "{F1D2A532-353B-4893-9E06-9B98BC1BF01B}"
EndProject
Project("{FAE04EC0-301F-11D3-BF4B-00C04F79EFBC}") = "FDCH.Entidades", "FDCH.Entidades\FDCH.Entidades.csproj", "{A31924EF-F135-4E33-9760-868E15E4C0A4}"
EndProject
Project("{FAE04EC0-301F-11D3-BF4B-00C04F79EFBC}") = "FDCH.UI", "FDCH.UI\FDCH.UI.csproj", "{FCF7BE48-C9DC-4CCA-B060-C569B06F41C5}"
EndProject
Global
	GlobalSection(SolutionConfigurationPlatforms) = preSolution
		Debug|Any CPU = Debug|Any CPU
		Release|Any CPU = Release|Any CPU
	EndGlobalSection
	GlobalSection(ProjectConfigurationPlatforms) = postSolution
		{B54B6C73-CBCA-4E22-9FA0-FD0B0CB76992}.Debug|Any CPU.ActiveCfg = Debug|Any CPU
		{B54B6C73-CBCA-4E22-9FA0-FD0B0CB76992}.Debug|Any CPU.Build.0 = Debug|Any CPU
		{B54B6C73-CBCA-4E22-9FA0-FD0B0CB76992}.Release|Any CPU.ActiveCfg = Release|Any CPU
		{B54B6C73-CBCA-4E22-9FA0-FD0B0CB76992}.Release|Any CPU.Build.0 = Release|Any CPU
		{F1D2A532-353B-4893-9E06-9B98BC1BF01B}.Debug|Any CPU.ActiveCfg = Debug|Any CPU
		{F1D2A532-353B-4893-9E06-9B98BC1BF01B}.Debug|Any CPU.Build.0 = Debug|Any CPU
		{F1D2A532-353B-4893-9E06-9B98BC1BF01B}.Release|Any CPU.ActiveCfg = Release|Any CPU
		{F1D2A532-353B-4893-9E06-9B98BC1BF01B}.Release|Any CPU.Build.0 = Release|Any CPU
		{A31924EF-F135-4E33-9760-868E15E4C0A4}.Debug|Any CPU.ActiveCfg = Debug|Any CPU
		{A31924EF-F135-4E33-9760-868E15E4C0A4}.Debug|Any CPU.Build.0 = Debug|Any CPU
		{A31924EF-F135-4E33-9760-868E15E4C0A4}.Release|Any CPU.ActiveCfg = Release|Any CPU
		{A31924EF-F135-4E33-9760-868E15E4C0A4}.Release|Any CPU.Build.0 = Release|Any CPU
		{FCF7BE48-C9DC-4CCA-B060-C569B06F41C5}.Debug|Any CPU.ActiveCfg = Debug|Any CPU
		{FCF7BE48-C9DC-4CCA-B060-C569B06F41C5}.Debug|Any CPU.Build.0 = Debug|Any CPU
		{FCF7BE48-C9DC-4CCA-B060-C569B06F41C5}.Release|Any CPU.ActiveCfg = Release|Any CPU
		{FCF7BE48-C9DC-4CCA-B060-C569B06F41C5}.Release|Any CPU.Build.0 = Release|Any CPU
	EndGlobalSection
	GlobalSection(SolutionProperties) = preSolution
		HideSolutionNode = FALSE
	EndGlobalSection
	GlobalSection(NestedProjects) = preSolution
		{B54B6C73-CBCA-4E22-9FA0-FD0B0CB76992} = {02EA681E-C7D8-13C7-8484-4AC65E1B71E8}
		{F1D2A532-353B-4893-9E06-9B98BC1BF01B} = {78CD5D1B-93E6-47D9-B0BA-18582FDCD425}
		{A31924EF-F135-4E33-9760-868E15E4C0A4} = {29C7E476-34E7-45D7-989F-E8EAB0DBA7BE}
		{FCF7BE48-C9DC-4CCA-B060-C569B06F41C5} = {5E7BF79C-3841-4272-8183-B4A31BAB6D6C}
	EndGlobalSection
	GlobalSection(ExtensibilityGlobals) = postSolution
		SolutionGuid = {349EA9B7-3966-4D30-BE8A-D6A05AA2D1B2}
	EndGlobalSection
EndGlobal
